
Microsoft Visual Studio Solution File, Format Version 12.00
# Visual Studio Version 16
VisualStudioVersion = 16.0.30907.101
MinimumVisualStudioVersion = 10.0.40219.1
Project("{FAE04EC0-301F-11D3-BF4B-00C04F79EFBC}") = "Entities", "Entities\Entities.csproj", "{BCD6FB2B-0024-4671-88BB-F00DE14CEB55}"
EndProject
Project("{FAE04EC0-301F-11D3-BF4B-00C04F79EFBC}") = "DataAccess", "DataAccess\DataAccess.csproj", "{4D0B8FE4-B0A6-4A84-81A1-3AAF6CD6924A}"
EndProject
Project("{FAE04EC0-301F-11D3-BF4B-00C04F79EFBC}") = "Business", "Business\Business.csproj", "{14D58902-FBE3-4550-9B38-F8E620433764}"
EndProject
Project("{FAE04EC0-301F-11D3-BF4B-00C04F79EFBC}") = "Core", "Core\Core.csproj", "{6D9A2D73-2D7A-4AAA-ACC1-AEF4F89878F5}"
EndProject
Project("{FAE04EC0-301F-11D3-BF4B-00C04F79EFBC}") = "ConsoleUI", "ConsoleUI\ConsoleUI.csproj", "{B5BA7DB7-DC58-435B-B9CE-D7B04AA54585}"
EndProject
Global
	GlobalSection(SolutionConfigurationPlatforms) = preSolution
		Debug|Any CPU = Debug|Any CPU
		Release|Any CPU = Release|Any CPU
	EndGlobalSection
	GlobalSection(ProjectConfigurationPlatforms) = postSolution
		{BCD6FB2B-0024-4671-88BB-F00DE14CEB55}.Debug|Any CPU.ActiveCfg = Debug|Any CPU
		{BCD6FB2B-0024-4671-88BB-F00DE14CEB55}.Debug|Any CPU.Build.0 = Debug|Any CPU
		{BCD6FB2B-0024-4671-88BB-F00DE14CEB55}.Release|Any CPU.ActiveCfg = Release|Any CPU
		{BCD6FB2B-0024-4671-88BB-F00DE14CEB55}.Release|Any CPU.Build.0 = Release|Any CPU
		{4D0B8FE4-B0A6-4A84-81A1-3AAF6CD6924A}.Debug|Any CPU.ActiveCfg = Debug|Any CPU
		{4D0B8FE4-B0A6-4A84-81A1-3AAF6CD6924A}.Debug|Any CPU.Build.0 = Debug|Any CPU
		{4D0B8FE4-B0A6-4A84-81A1-3AAF6CD6924A}.Release|Any CPU.ActiveCfg = Release|Any CPU
		{4D0B8FE4-B0A6-4A84-81A1-3AAF6CD6924A}.Release|Any CPU.Build.0 = Release|Any CPU
		{14D58902-FBE3-4550-9B38-F8E620433764}.Debug|Any CPU.ActiveCfg = Debug|Any CPU
		{14D58902-FBE3-4550-9B38-F8E620433764}.Debug|Any CPU.Build.0 = Debug|Any CPU
		{14D58902-FBE3-4550-9B38-F8E620433764}.Release|Any CPU.ActiveCfg = Release|Any CPU
		{14D58902-FBE3-4550-9B38-F8E620433764}.Release|Any CPU.Build.0 = Release|Any CPU
		{6D9A2D73-2D7A-4AAA-ACC1-AEF4F89878F5}.Debug|Any CPU.ActiveCfg = Debug|Any CPU
		{6D9A2D73-2D7A-4AAA-ACC1-AEF4F89878F5}.Debug|Any CPU.Build.0 = Debug|Any CPU
		{6D9A2D73-2D7A-4AAA-ACC1-AEF4F89878F5}.Release|Any CPU.ActiveCfg = Release|Any CPU
		{6D9A2D73-2D7A-4AAA-ACC1-AEF4F89878F5}.Release|Any CPU.Build.0 = Release|Any CPU
		{B5BA7DB7-DC58-435B-B9CE-D7B04AA54585}.Debug|Any CPU.ActiveCfg = Debug|Any CPU
		{B5BA7DB7-DC58-435B-B9CE-D7B04AA54585}.Debug|Any CPU.Build.0 = Debug|Any CPU
		{B5BA7DB7-DC58-435B-B9CE-D7B04AA54585}.Release|Any CPU.ActiveCfg = Release|Any CPU
		{B5BA7DB7-DC58-435B-B9CE-D7B04AA54585}.Release|Any CPU.Build.0 = Release|Any CPU
	EndGlobalSection
	GlobalSection(SolutionProperties) = preSolution
		HideSolutionNode = FALSE
	EndGlobalSection
	GlobalSection(ExtensibilityGlobals) = postSolution
		SolutionGuid = {35E67547-3BE2-4CD3-A19F-2C4076B56FE3}
	EndGlobalSection
EndGlobal
